
Microsoft Visual Studio Solution File, Format Version 11.00
# Visual Studio 2010
Project("{FAE04EC0-301F-11D3-BF4B-00C04F79EFBC}") = "ConsoleTest", "ConsoleTest\ConsoleTest.csproj", "{7E13FF17-1BEE-4409-91B4-B338E5DBC606}"
EndProject
Project("{FAE04EC0-301F-11D3-BF4B-00C04F79EFBC}") = "Reversi.Engin", "Reversi.Engin\Reversi.Engin.csproj", "{A55B684E-B041-4E10-878D-25CC69B2A742}"
EndProject
Project("{FAE04EC0-301F-11D3-BF4B-00C04F79EFBC}") = "Reversi", "Reversi\Reversi.csproj", "{6619876E-57D9-487F-B2F3-00DD3D1A0BED}"
EndProject
Global
	GlobalSection(SolutionConfigurationPlatforms) = preSolution
		Debug|Any CPU = Debug|Any CPU
		Debug|Mixed Platforms = Debug|Mixed Platforms
		Debug|x86 = Debug|x86
		Release|Any CPU = Release|Any CPU
		Release|Mixed Platforms = Release|Mixed Platforms
		Release|x86 = Release|x86
	EndGlobalSection
	GlobalSection(ProjectConfigurationPlatforms) = postSolution
		{7E13FF17-1BEE-4409-91B4-B338E5DBC606}.Debug|Any CPU.ActiveCfg = Debug|x86
		{7E13FF17-1BEE-4409-91B4-B338E5DBC606}.Debug|Mixed Platforms.ActiveCfg = Debug|x86
		{7E13FF17-1BEE-4409-91B4-B338E5DBC606}.Debug|Mixed Platforms.Build.0 = Debug|x86
		{7E13FF17-1BEE-4409-91B4-B338E5DBC606}.Debug|x86.ActiveCfg = Debug|x86
		{7E13FF17-1BEE-4409-91B4-B338E5DBC606}.Debug|x86.Build.0 = Debug|x86
		{7E13FF17-1BEE-4409-91B4-B338E5DBC606}.Release|Any CPU.ActiveCfg = Release|x86
		{7E13FF17-1BEE-4409-91B4-B338E5DBC606}.Release|Mixed Platforms.ActiveCfg = Release|x86
		{7E13FF17-1BEE-4409-91B4-B338E5DBC606}.Release|Mixed Platforms.Build.0 = Release|x86
		{7E13FF17-1BEE-4409-91B4-B338E5DBC606}.Release|x86.ActiveCfg = Release|x86
		{7E13FF17-1BEE-4409-91B4-B338E5DBC606}.Release|x86.Build.0 = Release|x86
		{A55B684E-B041-4E10-878D-25CC69B2A742}.Debug|Any CPU.ActiveCfg = Debug|Any CPU
		{A55B684E-B041-4E10-878D-25CC69B2A742}.Debug|Any CPU.Build.0 = Debug|Any CPU
		{A55B684E-B041-4E10-878D-25CC69B2A742}.Debug|Mixed Platforms.ActiveCfg = Debug|Any CPU
		{A55B684E-B041-4E10-878D-25CC69B2A742}.Debug|Mixed Platforms.Build.0 = Debug|Any CPU
		{A55B684E-B041-4E10-878D-25CC69B2A742}.Debug|x86.ActiveCfg = Debug|Any CPU
		{A55B684E-B041-4E10-878D-25CC69B2A742}.Release|Any CPU.ActiveCfg = Release|Any CPU
		{A55B684E-B041-4E10-878D-25CC69B2A742}.Release|Any CPU.Build.0 = Release|Any CPU
		{A55B684E-B041-4E10-878D-25CC69B2A742}.Release|Mixed Platforms.ActiveCfg = Release|Any CPU
		{A55B684E-B041-4E10-878D-25CC69B2A742}.Release|Mixed Platforms.Build.0 = Release|Any CPU
		{A55B684E-B041-4E10-878D-25CC69B2A742}.Release|x86.ActiveCfg = Release|Any CPU
		{6619876E-57D9-487F-B2F3-00DD3D1A0BED}.Debug|Any CPU.ActiveCfg = Debug|x86
		{6619876E-57D9-487F-B2F3-00DD3D1A0BED}.Debug|Mixed Platforms.ActiveCfg = Debug|x86
		{6619876E-57D9-487F-B2F3-00DD3D1A0BED}.Debug|Mixed Platforms.Build.0 = Debug|x86
		{6619876E-57D9-487F-B2F3-00DD3D1A0BED}.Debug|x86.ActiveCfg = Debug|x86
		{6619876E-57D9-487F-B2F3-00DD3D1A0BED}.Debug|x86.Build.0 = Debug|x86
		{6619876E-57D9-487F-B2F3-00DD3D1A0BED}.Release|Any CPU.ActiveCfg = Release|x86
		{6619876E-57D9-487F-B2F3-00DD3D1A0BED}.Release|Mixed Platforms.ActiveCfg = Release|x86
		{6619876E-57D9-487F-B2F3-00DD3D1A0BED}.Release|Mixed Platforms.Build.0 = Release|x86
		{6619876E-57D9-487F-B2F3-00DD3D1A0BED}.Release|x86.ActiveCfg = Release|x86
		{6619876E-57D9-487F-B2F3-00DD3D1A0BED}.Release|x86.Build.0 = Release|x86
	EndGlobalSection
	GlobalSection(SolutionProperties) = preSolution
		HideSolutionNode = FALSE
	EndGlobalSection
EndGlobal
